
Microsoft Visual Studio Solution File, Format Version 12.00
# Visual Studio Version 16
VisualStudioVersion = 16.0.31911.196
MinimumVisualStudioVersion = 10.0.40219.1
Project("{FAE04EC0-301F-11D3-BF4B-00C04F79EFBC}") = "PruebaTecnica(consumo-de-API)", "PruebaTecnica(consumo-de-API).csproj", "{36D89380-4DA5-4DEB-8C7D-6DAA37155FE7}"
EndProject
Global
	GlobalSection(SolutionConfigurationPlatforms) = preSolution
		Debug|Any CPU = Debug|Any CPU
		Release|Any CPU = Release|Any CPU
	EndGlobalSection
	GlobalSection(ProjectConfigurationPlatforms) = postSolution
		{36D89380-4DA5-4DEB-8C7D-6DAA37155FE7}.Debug|Any CPU.ActiveCfg = Debug|Any CPU
		{36D89380-4DA5-4DEB-8C7D-6DAA37155FE7}.Debug|Any CPU.Build.0 = Debug|Any CPU
		{36D89380-4DA5-4DEB-8C7D-6DAA37155FE7}.Release|Any CPU.ActiveCfg = Release|Any CPU
		{36D89380-4DA5-4DEB-8C7D-6DAA37155FE7}.Release|Any CPU.Build.0 = Release|Any CPU
	EndGlobalSection
	GlobalSection(SolutionProperties) = preSolution
		HideSolutionNode = FALSE
	EndGlobalSection
	GlobalSection(ExtensibilityGlobals) = postSolution
		SolutionGuid = {657C1808-09B1-4C43-91DE-989A8145F0BF}
	EndGlobalSection
EndGlobal
